Microsoft Visual Studio Solution File, Format Version 12.00
# Visual Studio Version 17
VisualStudioVersion = 17.0.31903.59
MinimumVisualStudioVersion = 10.0.40219.1
Project("{BC8A1FFA-BEE3-4634-8014-F334798102B3}") = "imcodes-virtual-display", "imcodes-virtual-display.vcxproj", "{D13FA4FC-42C4-49A7-8B43-388903942B18}"
EndProject
Global
	GlobalSection(SolutionConfigurationPlatforms) = preSolution
		Release|x64 = Release|x64
	EndGlobalSection
	GlobalSection(ProjectConfigurationPlatforms) = postSolution
		{D13FA4FC-42C4-49A7-8B43-388903942B18}.Release|x64.ActiveCfg = Release|x64
		{D13FA4FC-42C4-49A7-8B43-388903942B18}.Release|x64.Build.0 = Release|x64
	EndGlobalSection
EndGlobal
